
Microsoft Visual Studio Solution File, Format Version 12.00
# Visual Studio Version 16
VisualStudioVersion = 16.0.29728.190
MinimumVisualStudioVersion = 10.0.40219.1
Project("{FAE04EC0-301F-11D3-BF4B-00C04F79EFBC}") = "SalesWebMvc", "SalesWebMvc\SalesWebMvc.csproj", "{EE6737EE-8819-440E-A3B1-6443E03440A6}"
EndProject
Global
	GlobalSection(SolutionConfigurationPlatforms) = preSolution
		Debug|Any CPU = Debug|Any CPU
		Release|Any CPU = Release|Any CPU
	EndGlobalSection
	GlobalSection(ProjectConfigurationPlatforms) = postSolution
		{EE6737EE-8819-440E-A3B1-6443E03440A6}.Debug|Any CPU.ActiveCfg = Debug|Any CPU
		{EE6737EE-8819-440E-A3B1-6443E03440A6}.Debug|Any CPU.Build.0 = Debug|Any CPU
		{EE6737EE-8819-440E-A3B1-6443E03440A6}.Release|Any CPU.ActiveCfg = Release|Any CPU
		{EE6737EE-8819-440E-A3B1-6443E03440A6}.Release|Any CPU.Build.0 = Release|Any CPU
	EndGlobalSection
	GlobalSection(SolutionProperties) = preSolution
		HideSolutionNode = FALSE
	EndGlobalSection
	GlobalSection(ExtensibilityGlobals) = postSolution
		SolutionGuid = {06CE7D17-79AF-45EC-84CC-C9F9EF695ED0}
	EndGlobalSection
EndGlobal
